{
  "name": "Use Custom Package",
  "lockfileVersion": 3,
  "requires": true,
  "packages": {
    "": {
      "dependencies": {
        "custom-package-demo2025": "^1.0.0"
      }
    },
    "node_modules/custom-package-demo2025": {
      "version": "1.0.0",
      "resolved": "https://registry.npmjs.org/custom-package-demo2025/-/custom-package-demo2025-1.0.0.tgz",
      "integrity": "sha512-QTgwVm+pjQpOs+gSTxwO3k1FCqdCBAN5xhDAb+P0N/nfjXcCbgVrF2sGrc0DGbNJcCdonYsjHKQXup2I4xjb4Q==",
      "license": "ISC"
    }
  }
}
